
Microsoft Visual Studio Solution File, Format Version 12.00
# Visual Studio Version 16
VisualStudioVersion = 16.0.30204.135
MinimumVisualStudioVersion = 10.0.40219.1
Project("{FAE04EC0-301F-11D3-BF4B-00C04F79EFBC}") = "EXAMEN", "EXAMEN\EXAMEN.csproj", "{12D989A3-B3E1-451A-A049-ACE66A0033DD}"
EndProject
Global
	GlobalSection(SolutionConfigurationPlatforms) = preSolution
		Debug|Any CPU = Debug|Any CPU
		Release|Any CPU = Release|Any CPU
	EndGlobalSection
	GlobalSection(ProjectConfigurationPlatforms) = postSolution
		{12D989A3-B3E1-451A-A049-ACE66A0033DD}.Debug|Any CPU.ActiveCfg = Debug|Any CPU
		{12D989A3-B3E1-451A-A049-ACE66A0033DD}.Debug|Any CPU.Build.0 = Debug|Any CPU
		{12D989A3-B3E1-451A-A049-ACE66A0033DD}.Release|Any CPU.ActiveCfg = Release|Any CPU
		{12D989A3-B3E1-451A-A049-ACE66A0033DD}.Release|Any CPU.Build.0 = Release|Any CPU
	EndGlobalSection
	GlobalSection(SolutionProperties) = preSolution
		HideSolutionNode = FALSE
	EndGlobalSection
	GlobalSection(ExtensibilityGlobals) = postSolution
		SolutionGuid = {810559F5-2F20-460E-9235-0B6C331F011B}
	EndGlobalSection
EndGlobal
